
Microsoft Visual Studio Solution File, Format Version 12.00
# Visual Studio Version 16
VisualStudioVersion = 16.0.29001.49
MinimumVisualStudioVersion = 10.0.40219.1
Project("{9A19103F-16F7-4668-BE54-9A1E7A4F7556}") = "DenizenMetaBot", "DenizenMetaBot.csproj", "{1DB47D6A-4225-4F36-E559-2C6292442953}"
EndProject
Project("{9A19103F-16F7-4668-BE54-9A1E7A4F7556}") = "SharpDenizenTools", "SharpDenizenTools\SharpDenizenTools\SharpDenizenTools.csproj", "{3DB47D69-4228-4F22-1763-152292496865}"
EndProject
Project("{9A19103F-16F7-4668-BE54-9A1E7A4F7556}") = "mcmonkeyDiscordBotBase", "mcmonkeyDiscordBotBase\mcmonkeyDiscordBotBase.csproj", "{1DB47D6A-4225-4F36-3559-2C6292442953}"
EndProject
Project("{9A19103F-16F7-4668-BE54-9A1E7A4F7556}") = "FreneticUtilities", "FreneticUtilities\FreneticUtilities\FreneticUtilities.csproj", "{1DB47D6A-4225-4F25-8559-2C6292496953}"
EndProject
Global
	GlobalSection(SolutionConfigurationPlatforms) = preSolution
		Debug|Any CPU = Debug|Any CPU
		Release|Any CPU = Release|Any CPU
		ReleaseNet461|Any CPU = ReleaseNet461|Any CPU
	EndGlobalSection
	GlobalSection(ProjectConfigurationPlatforms) = postSolution
		{1DB47D6A-4225-4F36-E559-2C6292442953}.Debug|Any CPU.ActiveCfg = Debug|Any CPU
		{1DB47D6A-4225-4F36-E559-2C6292442953}.Debug|Any CPU.Build.0 = Debug|Any CPU
		{1DB47D6A-4225-4F36-E559-2C6292442953}.Release|Any CPU.ActiveCfg = Release|Any CPU
		{1DB47D6A-4225-4F36-E559-2C6292442953}.Release|Any CPU.Build.0 = Release|Any CPU
		{1DB47D6A-4225-4F36-E559-2C6292442953}.ReleaseNet461|Any CPU.ActiveCfg = Release|Any CPU
		{1DB47D6A-4225-4F36-E559-2C6292442953}.ReleaseNet461|Any CPU.Build.0 = Release|Any CPU
		{3DB47D69-4228-4F22-1763-152292496865}.Debug|Any CPU.ActiveCfg = Debug|Any CPU
		{3DB47D69-4228-4F22-1763-152292496865}.Debug|Any CPU.Build.0 = Debug|Any CPU
		{3DB47D69-4228-4F22-1763-152292496865}.Release|Any CPU.ActiveCfg = Release|Any CPU
		{3DB47D69-4228-4F22-1763-152292496865}.Release|Any CPU.Build.0 = Release|Any CPU
		{3DB47D69-4228-4F22-1763-152292496865}.ReleaseNet461|Any CPU.ActiveCfg = Release|Any CPU
		{3DB47D69-4228-4F22-1763-152292496865}.ReleaseNet461|Any CPU.Build.0 = Release|Any CPU
		{1DB47D6A-4225-4F36-3559-2C6292442953}.Debug|Any CPU.ActiveCfg = Debug|Any CPU
		{1DB47D6A-4225-4F36-3559-2C6292442953}.Debug|Any CPU.Build.0 = Debug|Any CPU
		{1DB47D6A-4225-4F36-3559-2C6292442953}.Release|Any CPU.ActiveCfg = Release|Any CPU
		{1DB47D6A-4225-4F36-3559-2C6292442953}.Release|Any CPU.Build.0 = Release|Any CPU
		{1DB47D6A-4225-4F36-3559-2C6292442953}.ReleaseNet461|Any CPU.ActiveCfg = Release|Any CPU
		{1DB47D6A-4225-4F36-3559-2C6292442953}.ReleaseNet461|Any CPU.Build.0 = Release|Any CPU
		{1DB47D6A-4225-4F25-8559-2C6292496953}.Debug|Any CPU.ActiveCfg = DebugNetCore|Any CPU
		{1DB47D6A-4225-4F25-8559-2C6292496953}.Debug|Any CPU.Build.0 = DebugNetCore|Any CPU
		{1DB47D6A-4225-4F25-8559-2C6292496953}.Release|Any CPU.ActiveCfg = ReleaseNetCore|Any CPU
		{1DB47D6A-4225-4F25-8559-2C6292496953}.Release|Any CPU.Build.0 = ReleaseNetCore|Any CPU
		{1DB47D6A-4225-4F25-8559-2C6292496953}.ReleaseNet461|Any CPU.ActiveCfg = ReleaseNet461|Any CPU
		{1DB47D6A-4225-4F25-8559-2C6292496953}.ReleaseNet461|Any CPU.Build.0 = ReleaseNet461|Any CPU
	EndGlobalSection
	GlobalSection(SolutionProperties) = preSolution
		HideSolutionNode = FALSE
	EndGlobalSection
	GlobalSection(ExtensibilityGlobals) = postSolution
		SolutionGuid = {E202D98B-3231-4B66-A816-779FD7C2C2BB}
	EndGlobalSection
EndGlobal
